
Microsoft Visual Studio Solution File, Format Version 12.00
# Visual Studio 15
VisualStudioVersion = 15.0.27130.2027
MinimumVisualStudioVersion = 10.0.40219.1
Project("{FAE04EC0-301F-11D3-BF4B-00C04F79EFBC}") = "WindowsFormsApp14", "WindowsFormsApp14\WindowsFormsApp14.csproj", "{FE70D3A0-2233-41DA-A1FB-FF80ED3F158A}"
EndProject
Global
	GlobalSection(SolutionConfigurationPlatforms) = preSolution
		Debug|Any CPU = Debug|Any CPU
		Release|Any CPU = Release|Any CPU
	EndGlobalSection
	GlobalSection(ProjectConfigurationPlatforms) = postSolution
		{FE70D3A0-2233-41DA-A1FB-FF80ED3F158A}.Debug|Any CPU.ActiveCfg = Debug|Any CPU
		{FE70D3A0-2233-41DA-A1FB-FF80ED3F158A}.Debug|Any CPU.Build.0 = Debug|Any CPU
		{FE70D3A0-2233-41DA-A1FB-FF80ED3F158A}.Release|Any CPU.ActiveCfg = Release|Any CPU
		{FE70D3A0-2233-41DA-A1FB-FF80ED3F158A}.Release|Any CPU.Build.0 = Release|Any CPU
	EndGlobalSection
	GlobalSection(SolutionProperties) = preSolution
		HideSolutionNode = FALSE
	EndGlobalSection
	GlobalSection(ExtensibilityGlobals) = postSolution
		SolutionGuid = {92BDF79F-EE46-47FD-AC9B-44D872874CC8}
	EndGlobalSection
EndGlobal
